
Microsoft Visual Studio Solution File, Format Version 12.00
# Visual Studio 15
VisualStudioVersion = 15.0.28010.2046
MinimumVisualStudioVersion = 10.0.40219.1
Project("{FAE04EC0-301F-11D3-BF4B-00C04F79EFBC}") = "App_Threading", "App_Threading\App_Threading.csproj", "{18DEA7CD-D8D8-4BF6-8449-1EF4C73AABCC}"
EndProject
Global
	GlobalSection(SolutionConfigurationPlatforms) = preSolution
		Debug|Any CPU = Debug|Any CPU
		Release|Any CPU = Release|Any CPU
	EndGlobalSection
	GlobalSection(ProjectConfigurationPlatforms) = postSolution
		{18DEA7CD-D8D8-4BF6-8449-1EF4C73AABCC}.Debug|Any CPU.ActiveCfg = Debug|Any CPU
		{18DEA7CD-D8D8-4BF6-8449-1EF4C73AABCC}.Debug|Any CPU.Build.0 = Debug|Any CPU
		{18DEA7CD-D8D8-4BF6-8449-1EF4C73AABCC}.Release|Any CPU.ActiveCfg = Release|Any CPU
		{18DEA7CD-D8D8-4BF6-8449-1EF4C73AABCC}.Release|Any CPU.Build.0 = Release|Any CPU
	EndGlobalSection
	GlobalSection(SolutionProperties) = preSolution
		HideSolutionNode = FALSE
	EndGlobalSection
	GlobalSection(ExtensibilityGlobals) = postSolution
		SolutionGuid = {3D2CE7CD-16EC-41FB-A7BA-5B94ED121B3E}
	EndGlobalSection
EndGlobal
